# This file is autogenerated, do not edit; changes may be undone by the next 'dep ensure'.


[[projects]]
  digest = "1:5a1309e5b4731d8c1c13bf48759fe8c391a2acb4d1f39ee5bd9f72f6f1f25a47"
  name = "github.com/RoaringBitmap/roaring"
  packages = ["."]
  pruneopts = "UT"
  revision = "8d778e47dd84f169ef4436abb474b0e0101a6dae"
  version = "v0.4.17"

[[projects]]
  digest = "1:e4c72127d910a96daf869a44f3dd563b86dbe6931a172863a0e99c5ff04b59e4"
  name = "github.com/Sirupsen/logrus"
  packages = ["."]
  pruneopts = "UT"
  revision = "dae0fa8d5b0c810a8ab733fbd5510c7cae84eca4"
  version = "v1.4.0"

[[projects]]
  branch = "master"
  digest = "1:64032380524ef4bdf370ed291ec02f0c129d540d91fac689bfb693ef203d73dd"
  name = "github.com/Smerity/govarint"
  packages = ["."]
  pruneopts = "UT"
  revision = "7265e41f48f15fd61751e16da866af3c704bb3ab"

[[projects]]
  digest = "1:bb560c5f75fb3c8355e296809e79b410eeff2cec2d245d95d7885ec07548a207"
  name = "github.com/blevesearch/bleve"
  packages = [
    ".",
    "analysis",
    "analysis/analyzer/custom",
    "analysis/analyzer/keyword",
    "analysis/analyzer/standard",
    "analysis/datetime/flexible",
    "analysis/datetime/optional",
    "analysis/lang/en",
    "analysis/token/edgengram",
    "analysis/token/lowercase",
    "analysis/token/porter",
    "analysis/token/stop",
    "analysis/tokenizer/single",
    "analysis/tokenizer/unicode",
    "document",
    "geo",
    "index",
    "index/scorch",
    "index/scorch/mergeplan",
    "index/scorch/segment",
    "index/scorch/segment/mem",
    "index/scorch/segment/zap",
    "index/store",
    "index/store/boltdb",
    "index/store/gtreap",
    "index/upsidedown",
    "mapping",
    "numeric",
    "registry",
    "search",
    "search/collector",
    "search/facet",
    "search/highlight",
    "search/highlight/format/html",
    "search/highlight/fragmenter/simple",
    "search/highlight/highlighter/html",
    "search/highlight/highlighter/simple",
    "search/query",
    "search/scorer",
    "search/searcher",
  ]
  pruneopts = "UT"
  revision = "1a319cdf5bf77dc8cee35a6b99f908792c2547ef"
  version = "v0.7.0"

[[projects]]
  digest = "1:d9acc55e5a09863e9ae556c3e28f3703e94a3fc50a5a8b8dcb4bb02f913541c9"
  name = "github.com/blevesearch/go-porterstemmer"
  packages = ["."]
  pruneopts = "UT"
  revision = "23a2c8e5cf1f380f27722c6d2ae8896431dc7d0e"
  version = "v1.0.2"

[[projects]]
  digest = "1:15330cc03ff3465f79883a77312e65137fb79e0a4faef446d2dc6b8f71d54c42"
  name = "github.com/blevesearch/segment"
  packages = ["."]
  pruneopts = "UT"
  revision = "db70c57796cc8c310613541dfade3dce627d09c7"

[[projects]]
  digest = "1:8a94a15cd36028e52e4acb843458efb7c8e4a06795591f47f8e4e436a7320459"
  name = "github.com/boltdb/bolt"
  packages = ["."]
  pruneopts = "UT"
  revision = "9da31745363232bc1e27dbab3569e77383a51585"

[[projects]]
  branch = "master"
  digest = "1:9ad2e6fc1f8f3e478ea342ebbc94d28db70d125e3575384e3c427783a0310647"
  name = "github.com/couchbase/vellum"
  packages = [
    ".",
    "regexp",
    "utf8",
  ]
  pruneopts = "UT"
  revision = "e91b68ff3efe3cc11723aa25dd315cbc9276cd65"

[[projects]]
  digest = "1:76dc72490af7174349349838f2fe118996381b31ea83243812a97e5a0fd5ed55"
  name = "github.com/dgrijalva/jwt-go"
  packages = ["."]
  pruneopts = "UT"
  revision = "06ea1031745cb8b3dab3f6a236daf2b0aa468b7e"
  version = "v3.2.0"

[[projects]]
  digest = "1:edb569dd02419a41ddd98768cc0e7aec922ef19dae139731e5ca750afcf6f4c5"
  name = "github.com/edsrzf/mmap-go"
  packages = ["."]
  pruneopts = "UT"
  revision = "188cc3b666ba704534fa4f96e9e61f21f1e1ba7c"
  version = "v1.0.0"

[[projects]]
  digest = "1:abeb38ade3f32a92943e5be54f55ed6d6e3b6602761d74b4aab4c9dd45c18abd"
  name = "github.com/fsnotify/fsnotify"
  packages = ["."]
  pruneopts = "UT"
  revision = "c2828203cd70a50dcccfb2761f8b1f8ceef9a8e9"
  version = "v1.4.7"

[[projects]]
  branch = "master"
  digest = "1:dc925a7d0f70e394be6a79f060b06dfdecfabdc88cfd1cfa1c9d9462c6edca1f"
  name = "github.com/glycerine/go-unsnap-stream"
  packages = ["."]
  pruneopts = "UT"
  revision = "f9677308dec2b35e76737f9713df328ad11b1fea"

[[projects]]
  digest = "1:33082c63746b464db3d1c2c07a1396d860484d97fe857ef9e8668a9b406db09f"
  name = "github.com/go-redis/redis"
  packages = [
    ".",
    "internal",
    "internal/consistenthash",
    "internal/hashtag",
    "internal/pool",
    "internal/proto",
    "internal/util",
  ]
  pruneopts = "UT"
  revision = "d22fde8721cc915a55aeb6b00944a76a92bfeb6e"
  version = "v6.15.2"

[[projects]]
  digest = "1:850c49ca338a10fec2cb9e78f793043ed23965489d09e30bcc19fe29719da313"
  name = "github.com/go-sql-driver/mysql"
  packages = ["."]
  pruneopts = "UT"
  revision = "a0583e0143b1624142adab07e0e97fe106d99561"
  version = "v1.3.0"

[[projects]]
  digest = "1:318f1c959a8a740366fce4b1e1eb2fd914036b4af58fbd0a003349b305f118ad"
  name = "github.com/golang/protobuf"
  packages = ["proto"]
  pruneopts = "UT"
  revision = "b5d812f8a3706043e23a9cd5babf2e5423744d30"
  version = "v1.3.1"

[[projects]]
  digest = "1:e4f5819333ac698d294fe04dbf640f84719658d5c7ce195b10060cc37292ce79"
  name = "github.com/golang/snappy"
  packages = ["."]
  pruneopts = "UT"
  revision = "2a8bb927dd31d8daada140a5d09578521ce5c36a"
  version = "v0.0.1"

[[projects]]
  digest = "1:c0d19ab64b32ce9fe5cf4ddceba78d5bc9807f0016db6b1183599da3dcc24d10"
  name = "github.com/hashicorp/hcl"
  packages = [
    ".",
    "hcl/ast",
    "hcl/parser",
    "hcl/printer",
    "hcl/scanner",
    "hcl/strconv",
    "hcl/token",
    "json/parser",
    "json/scanner",
    "json/token",
  ]
  pruneopts = "UT"
  revision = "8cb6e5b959231cc1119e43259c4a608f9c51a241"
  version = "v1.0.0"

[[projects]]
  digest = "1:31e761d97c76151dde79e9d28964a812c46efc5baee4085b86f68f0c654450de"
  name = "github.com/konsorten/go-windows-terminal-sequences"
  packages = ["."]
  pruneopts = "UT"
  revision = "f55edac94c9bbba5d6182a4be46d86a2c9b5b50e"
  version = "v1.0.2"

[[projects]]
  digest = "1:c568d7727aa262c32bdf8a3f7db83614f7af0ed661474b24588de635c20024c7"
  name = "github.com/magiconair/properties"
  packages = ["."]
  pruneopts = "UT"
  revision = "c2353362d570a7bfa228149c62842019201cfb71"
  version = "v1.8.0"

[[projects]]
  digest = "1:53bc4cd4914cd7cd52139990d5170d6dc99067ae31c56530621b18b35fc30318"
  name = "github.com/mitchellh/mapstructure"
  packages = ["."]
  pruneopts = "UT"
  revision = "3536a929edddb9a5b34bd6861dc4a9647cb459fe"
  version = "v1.1.2"

[[projects]]
  branch = "master"
  digest = "1:c22fdadfe2de0e1df75987cac34f1c721157dc24f180c76b4ef66a3c9637a799"
  name = "github.com/mschoch/smat"
  packages = ["."]
  pruneopts = "UT"
  revision = "90eadee771aeab36e8bf796039b8c261bebebe4f"

[[projects]]
  branch = "master"
  digest = "1:c497b54ed4be2a7753ae4bfc7629f7168530f22e70ede8badd2aae657ba472b4"
  name = "github.com/palantir/stacktrace"
  packages = [
    ".",
    "cleanpath",
  ]
  pruneopts = "UT"
  revision = "78658fd2d1772b755720ed8c44367d11ee5380d6"

[[projects]]
  digest = "1:95741de3af260a92cc5c7f3f3061e85273f5a81b5db20d4bd68da74bd521675e"
  name = "github.com/pelletier/go-toml"
  packages = ["."]
  pruneopts = "UT"
  revision = "c01d1270ff3e442a8a57cddc1c92dc1138598194"
  version = "v1.2.0"

[[projects]]
  digest = "1:5e73b34a27d827212102605789de00bd411b2e434812133c83935fe9897c75e1"
  name = "github.com/philhofer/fwd"
  packages = ["."]
  pruneopts = "UT"
  revision = "bb6d471dc95d4fe11e432687f8b70ff496cf3136"
  version = "v1.0.0"

[[projects]]
  digest = "1:2e76a73cb51f42d63a2a1a85b3dc5731fd4faf6821b434bd0ef2c099186031d6"
  name = "github.com/rs/xid"
  packages = ["."]
  pruneopts = "UT"
  revision = "15d26544def341f036c5f8dca987a4cbe575032c"
  version = "v1.2.1"

[[projects]]
  digest = "1:3e39bafd6c2f4bf3c76c3bfd16a2e09e016510ad5db90dc02b88e2f565d6d595"
  name = "github.com/spf13/afero"
  packages = [
    ".",
    "mem",
  ]
  pruneopts = "UT"
  revision = "f4711e4db9e9a1d3887343acb72b2bbfc2f686f5"
  version = "v1.2.1"

[[projects]]
  digest = "1:08d65904057412fc0270fc4812a1c90c594186819243160dc779a402d4b6d0bc"
  name = "github.com/spf13/cast"
  packages = ["."]
  pruneopts = "UT"
  revision = "8c9545af88b134710ab1cd196795e7f2388358d7"
  version = "v1.3.0"

[[projects]]
  digest = "1:1b753ec16506f5864d26a28b43703c58831255059644351bbcb019b843950900"
  name = "github.com/spf13/jwalterweatherman"
  packages = ["."]
  pruneopts = "UT"
  revision = "94f6ae3ed3bceceafa716478c5fbf8d29ca601a1"
  version = "v1.1.0"

[[projects]]
  digest = "1:c1b1102241e7f645bc8e0c22ae352e8f0dc6484b6cb4d132fa9f24174e0119e2"
  name = "github.com/spf13/pflag"
  packages = ["."]
  pruneopts = "UT"
  revision = "298182f68c66c05229eb03ac171abe6e309ee79a"
  version = "v1.0.3"

[[projects]]
  digest = "1:1b773526998f3dbde3a51a4a5881680c4d237d3600f570d900f97ac93c7ba0a8"
  name = "github.com/spf13/viper"
  packages = ["."]
  pruneopts = "UT"
  revision = "9e56dacc08fbbf8c9ee2dbc717553c758ce42bc9"
  version = "v1.3.2"

[[projects]]
  branch = "master"
  digest = "1:970bd01f655c6e4cf6d335aadded53eca531d3d856f7de61eebe6fc253552b49"
  name = "github.com/steveyen/gtreap"
  packages = ["."]
  pruneopts = "UT"
  revision = "0abe01ef9be25c4aedc174758ec2d917314d6d70"

[[projects]]
  digest = "1:dfc388cae3df4176641bc822ae183e48bcc4921d9db8112dc9333dc0428662c3"
  name = "github.com/throttled/throttled"
  packages = [
    ".",
    "store/goredisstore",
  ]
  pruneopts = "UT"
  revision = "def5708c45a0d2b2b9a3604521f3164e227d2c83"
  version = "v2.2.4"

[[projects]]
  digest = "1:c97e8a5e5c435c3287f581cdb4441ba34577ec6ead8422bfedafa6269af7abf6"
  name = "github.com/tinylib/msgp"
  packages = ["msgp"]
  pruneopts = "UT"
  revision = "af6442a0fcf6e2a1b824f70dd0c734f01e817751"
  version = "v1.1.0"

[[projects]]
  digest = "1:542c6a724e70496d05fb3b40c45857fc0e353ed5f1c0ec4567fcf54c2f3b9619"
  name = "github.com/willf/bitset"
  packages = ["."]
  pruneopts = "UT"
  revision = "5c3c0fce48842b2c0bbaa99b4e61b0175d84b47c"

[[projects]]
  branch = "master"
  digest = "1:0c75a1e88c2b1e0361102c133f2690fd1fd5ab5da829f60a9c2dd20b9c224c71"
  name = "golang.org/x/crypto"
  packages = [
    "bcrypt",
    "blowfish",
    "ssh/terminal",
  ]
  pruneopts = "UT"
  revision = "b7391e95e576cacdcdd422573063bc057239113d"

[[projects]]
  digest = "1:6ad30c4e66653ca512cc3f3894686fc4cdd17af1c7fd51603a10e1b31538ad81"
  name = "golang.org/x/net"
  packages = ["context"]
  pruneopts = "UT"
  revision = "e45385e9b226f570b1f086bf287b25d3d4117776"

[[projects]]
  branch = "master"
  digest = "1:012ffea19e0c7f3bf69652ba71b42c8ffa9929ad53f8a1d50534b279cfd7a34f"
  name = "golang.org/x/sys"
  packages = [
    "unix",
    "windows",
  ]
  pruneopts = "UT"
  revision = "f7bb7a8bee54210937e93ec56d007d892c1f0580"

[[projects]]
  digest = "1:8029e9743749d4be5bc9f7d42ea1659471767860f0cdc34d37c3111bd308a295"
  name = "golang.org/x/text"
  packages = [
    "internal/gen",
    "internal/triegen",
    "internal/ucd",
    "transform",
    "unicode/cldr",
    "unicode/norm",
  ]
  pruneopts = "UT"
  revision = "f21a4dfb5e38f5895301dc265a8def02365cc3d0"
  version = "v0.3.0"

[[projects]]
  branch = "v3"
  digest = "1:7388652e2215a3f45d341d58766ed58317971030eb1cbd75f005f96ace8e9196"
  name = "gopkg.in/alexcesaro/quotedprintable.v3"
  packages = ["."]
  pruneopts = "UT"
  revision = "2caba252f4dc53eaf6b553000885530023f54623"

[[projects]]
  branch = "v2"
  digest = "1:e096ada745e034a059752c202717baee0379b69db9473a90f59d103c973384cf"
  name = "gopkg.in/gomail.v2"
  packages = ["."]
  pruneopts = "UT"
  revision = "81ebce5c23dfd25c6c67194b37d3dd3f338c98b1"

[[projects]]
  digest = "1:4d2e5a73dc1500038e504a8d78b986630e3626dc027bc030ba5c75da257cdb96"
  name = "gopkg.in/yaml.v2"
  packages = ["."]
  pruneopts = "UT"
  revision = "51d6538a90f86fe93ac480b35f37b2be17fef232"
  version = "v2.2.2"

[solve-meta]
  analyzer-name = "dep"
  analyzer-version = 1
  input-imports = [
    "github.com/Sirupsen/logrus",
    "github.com/blevesearch/bleve",
    "github.com/blevesearch/bleve/analysis/analyzer/custom",
    "github.com/blevesearch/bleve/analysis/analyzer/keyword",
    "github.com/blevesearch/bleve/analysis/lang/en",
    "github.com/blevesearch/bleve/analysis/token/edgengram",
    "github.com/blevesearch/bleve/analysis/token/lowercase",
    "github.com/blevesearch/bleve/analysis/tokenizer/unicode",
    "github.com/blevesearch/bleve/mapping",
    "github.com/dgrijalva/jwt-go",
    "github.com/go-redis/redis",
    "github.com/go-sql-driver/mysql",
    "github.com/palantir/stacktrace",
    "github.com/rs/xid",
    "github.com/spf13/viper",
    "github.com/throttled/throttled",
    "github.com/throttled/throttled/store/goredisstore",
    "golang.org/x/crypto/bcrypt",
    "gopkg.in/gomail.v2",
  ]
  solver-name = "gps-cdcl"
  solver-version = 1
